
Microsoft Visual Studio Solution File, Format Version 12.00
# Visual Studio 15
VisualStudioVersion = 15.0.26430.14
MinimumVisualStudioVersion = 10.0.40219.1
Project("{FAE04EC0-301F-11D3-BF4B-00C04F79EFBC}") = "PigLatinTranslate", "PigLatinTranslate\PigLatinTranslate.csproj", "{4FCB5D8A-125A-45F9-A8D5-1916B4C02F25}"
EndProject
Global
	GlobalSection(SolutionConfigurationPlatforms) = preSolution
		Debug|Any CPU = Debug|Any CPU
		Release|Any CPU = Release|Any CPU
	EndGlobalSection
	GlobalSection(ProjectConfigurationPlatforms) = postSolution
		{4FCB5D8A-125A-45F9-A8D5-1916B4C02F25}.Debug|Any CPU.ActiveCfg = Debug|Any CPU
		{4FCB5D8A-125A-45F9-A8D5-1916B4C02F25}.Debug|Any CPU.Build.0 = Debug|Any CPU
		{4FCB5D8A-125A-45F9-A8D5-1916B4C02F25}.Release|Any CPU.ActiveCfg = Release|Any CPU
		{4FCB5D8A-125A-45F9-A8D5-1916B4C02F25}.Release|Any CPU.Build.0 = Release|Any CPU
	EndGlobalSection
	GlobalSection(SolutionProperties) = preSolution
		HideSolutionNode = FALSE
	EndGlobalSection
EndGlobal
